
Microsoft Visual Studio Solution File, Format Version 12.00
# Visual Studio Version 18
VisualStudioVersion = 18.1.11304.174
MinimumVisualStudioVersion = 10.0.40219.1
Project("{FAE04EC0-301F-11D3-BF4B-00C04F79EFBC}") = "BmsAtelierKyokufu.BmsPartTuner", "BmsAtelierKyokufu.BmsPartTuner\BmsAtelierKyokufu.BmsPartTuner.csproj", "{82475FA0-2883-48EC-B9FA-BA2021B7B468}"
EndProject
Project("{FAE04EC0-301F-11D3-BF4B-00C04F79EFBC}") = "BmsAtelierKyokufu.BmsPartTuner.Tests", "BmsAtelierKyokufu.BmsPartTuner.Tests\BmsAtelierKyokufu.BmsPartTuner.Tests.csproj", "{9A19103F-16F7-4668-BE54-9A1E7A4F7556}"
EndProject
Project("{2150E333-8FDC-42A3-9474-1A3956D46DE8}") = "Solution Items", "Solution Items", "{EBB60316-4F3A-45E5-B65C-0A64391BFA05}"
	ProjectSection(SolutionItems) = preProject
		.editorconfig = .editorconfig
		.gitattributes = .gitattributes
		.gitignore = .gitignore
		BmsPartTuner.code-workspace = BmsPartTuner.code-workspace
		GENERAL_CONCEPT_GUID.md = GENERAL_CONCEPT_GUID.md
		LICENSE.md = LICENSE.md
		mkdocs.yml = mkdocs.yml
		package.json = package.json
		README.md = README.md
		README_EN.md = README_EN.md
		run-benchmark.ps1 = run-benchmark.ps1
	EndProjectSection
EndProject
Project("{FAE04EC0-301F-11D3-BF4B-00C04F79EFBC}") = "BmsAtelierKyokufu.BmsPartTuner.Generators", "BmsAtelierKyokufu.BmsPartTuner.Generators\BmsAtelierKyokufu.BmsPartTuner.Generators.csproj", "{2835496B-2638-4808-9A38-651C622CB2EA}"
EndProject
Project("{2150E333-8FDC-42A3-9474-1A3956D46DE8}") = "Agent", "Agent", "{EFED7D75-623A-428C-9AE4-B30188249723}"
EndProject
Project("{2150E333-8FDC-42A3-9474-1A3956D46DE8}") = "workflows", "workflows", "{397BF336-22F4-490C-83CF-10C1F69F147D}"
	ProjectSection(SolutionItems) = preProject
		.agent\workflows\add-comment.prompt.md = .agent\workflows\add-comment.prompt.md
		.agent\workflows\code-review.prompt.md = .agent\workflows\code-review.prompt.md
		.agent\workflows\commit.prompt.md = .agent\workflows\commit.prompt.md
		.agent\workflows\merge-code-reviews.ps1 = .agent\workflows\merge-code-reviews.ps1
		.agent\workflows\phased-code-review.prompt.md = .agent\workflows\phased-code-review.prompt.md
		.agent\workflows\pull-request.prompt.md = .agent\workflows\pull-request.prompt.md
		.agent\workflows\test-refactor.prompt.md = .agent\workflows\test-refactor.prompt.md
	EndProjectSection
EndProject
Project("{2150E333-8FDC-42A3-9474-1A3956D46DE8}") = "rules", "rules", "{949F78AA-308F-417C-B604-C515A3E7C0FE}"
	ProjectSection(SolutionItems) = preProject
		.agent\rules\high-performance-codeing-guidelines.md = .agent\rules\high-performance-codeing-guidelines.md
		.agent\rules\instructions.md = .agent\rules\instructions.md
	EndProjectSection
EndProject
Project("{2150E333-8FDC-42A3-9474-1A3956D46DE8}") = "docs", "docs", "{0C5E049D-70BF-42A4-9870-5A8BCEB43DEC}"
	ProjectSection(SolutionItems) = preProject
		docs\casual_guide.md = docs\casual_guide.md
		docs\index.md = docs\index.md
	EndProjectSection
EndProject
Project("{2150E333-8FDC-42A3-9474-1A3956D46DE8}") = "adr", "adr", "{815BE85F-822C-45A9-9189-1E12B25BCD5B}"
EndProject
Project("{2150E333-8FDC-42A3-9474-1A3956D46DE8}") = "math", "math", "{8997F72E-9094-4A4D-9116-2F079C8DE03D}"
	ProjectSection(SolutionItems) = preProject
		docs\adr\math\m_01_audio_compare.md = docs\adr\math\m_01_audio_compare.md
		docs\adr\math\m_03_fft_alignment.md = docs\adr\math\m_03_fft_alignment.md
		docs\adr\math\m_04_simulation.md = docs\adr\math\m_04_simulation.md
		docs\adr\math\m_05_lsh_cache.md = docs\adr\math\m_05_lsh_cache.md
		docs\adr\math\m_06_silence_trim.md = docs\adr\math\m_06_silence_trim.md
		docs\adr\math\m_07_bmson_score.md = docs\adr\math\m_07_bmson_score.md
	EndProjectSection
EndProject
Project("{2150E333-8FDC-42A3-9474-1A3956D46DE8}") = "perf", "perf", "{54CB78BE-CD11-4087-9564-25F790D622C4}"
	ProjectSection(SolutionItems) = preProject
		docs\adr\perf\opt_01_parallel_audio.md = docs\adr\perf\opt_01_parallel_audio.md
		docs\adr\perf\opt_02_storage_detect.md = docs\adr\perf\opt_02_storage_detect.md
		docs\adr\perf\opt_03_logger.md = docs\adr\perf\opt_03_logger.md
		docs\adr\perf\opt_04_radix_convert.md = docs\adr\perf\opt_04_radix_convert.md
		docs\adr\perf\opt_05_flyweight_sound.md = docs\adr\perf\opt_05_flyweight_sound.md
		docs\adr\perf\opt_06_file_rewrite.md = docs\adr\perf\opt_06_file_rewrite.md
		docs\adr\perf\opt_07_view_model.md = docs\adr\perf\opt_07_view_model.md
		docs\adr\perf\opt_08_update_service.md = docs\adr\perf\opt_08_update_service.md
		docs\adr\perf\opt_09_audio_grouping.md = docs\adr\perf\opt_09_audio_grouping.md
		docs\adr\perf\opt_10_audio_slice_cache.md = docs\adr\perf\opt_10_audio_slice_cache.md
		docs\adr\perf\opt_11_next_gen_optimization.md = docs\adr\perf\opt_11_next_gen_optimization.md
	EndProjectSection
EndProject
Project("{2150E333-8FDC-42A3-9474-1A3956D46DE8}") = "arch", "arch", "{D1097E82-557E-415C-B786-F19767EEA9D3}"
	ProjectSection(SolutionItems) = preProject
		docs\adr\arch\arch_01_pipeline_architecture.md = docs\adr\arch\arch_01_pipeline_architecture.md
		docs\adr\arch\arch_02_immutable_domain_models.md = docs\adr\arch\arch_02_immutable_domain_models.md
		docs\adr\arch\arch_03_procedural_hotpath.md = docs\adr\arch\arch_03_procedural_hotpath.md
		docs\adr\arch\arch_04_shared_license_templates.md = docs\adr\arch\arch_04_shared_license_templates.md
		docs\adr\arch\arch_05_operation_context_and_top_level_offloading.md = docs\adr\arch\arch_05_operation_context_and_top_level_offloading.md
		docs\adr\arch\arch_06_exception_handling.md = docs\adr\arch\arch_06_exception_handling.md
	EndProjectSection
EndProject
Project("{2150E333-8FDC-42A3-9474-1A3956D46DE8}") = "img", "img", "{2CD22421-E81D-49CC-9003-8B35EB0D3B0E}"
	ProjectSection(SolutionItems) = preProject
		docs\img\BmpPartTunerLogo_dark.svg = docs\img\BmpPartTunerLogo_dark.svg
	EndProjectSection
EndProject
Project("{2150E333-8FDC-42A3-9474-1A3956D46DE8}") = "teach", "teach", "{FAEBC7A2-E9F2-406A-A8DE-4FE854A71A00}"
	ProjectSection(SolutionItems) = preProject
		docs\teach\01_bmson_to_bms_conversion.md = docs\teach\01_bmson_to_bms_conversion.md
		docs\teach\02_silence_trimming.md = docs\teach\02_silence_trimming.md
		docs\teach\03_lsh_and_simd_limits.md = docs\teach\03_lsh_and_simd_limits.md
		docs\teach\04_audio_equivalence_and_pearson.md = docs\teach\04_audio_equivalence_and_pearson.md
		docs\teach\05_fft_alignment.md = docs\teach\05_fft_alignment.md
		docs\teach\06_union_find.md = docs\teach\06_union_find.md
		docs\teach\07_simulation_engine.md = docs\teach\07_simulation_engine.md
		docs\teach\08_parallelism_and_memory_pooling.md = docs\teach\08_parallelism_and_memory_pooling.md
		docs\teach\index.md = docs\teach\index.md
	EndProjectSection
EndProject
Project("{2150E333-8FDC-42A3-9474-1A3956D46DE8}") = "javascripts", "javascripts", "{66E82DCA-53C1-49FA-AEB0-D3A14B0D58EE}"
	ProjectSection(SolutionItems) = preProject
		docs\javascripts\mathjax.js = docs\javascripts\mathjax.js
	EndProjectSection
EndProject
Project("{FAE04EC0-301F-11D3-BF4B-00C04F79EFBC}") = "BmsAtelierKyokufu.BmsPartTuner.Benchmarks", "BmsAtelierKyokufu.BmsPartTuner.Benchmarks\BmsAtelierKyokufu.BmsPartTuner.Benchmarks.csproj", "{DC8E6E6B-76AF-4EA8-A28B-F12C1A5E88EB}"
EndProject
Global
	GlobalSection(SolutionConfigurationPlatforms) = preSolution
		Debug|Any CPU = Debug|Any CPU
		Debug|x64 = Debug|x64
		Debug|x86 = Debug|x86
		Release|Any CPU = Release|Any CPU
		Release|x64 = Release|x64
		Release|x86 = Release|x86
	EndGlobalSection
	GlobalSection(ProjectConfigurationPlatforms) = postSolution
		{82475FA0-2883-48EC-B9FA-BA2021B7B468}.Debug|Any CPU.ActiveCfg = Debug|Any CPU
		{82475FA0-2883-48EC-B9FA-BA2021B7B468}.Debug|Any CPU.Build.0 = Debug|Any CPU
		{82475FA0-2883-48EC-B9FA-BA2021B7B468}.Debug|x64.ActiveCfg = Debug|Any CPU
		{82475FA0-2883-48EC-B9FA-BA2021B7B468}.Debug|x64.Build.0 = Debug|Any CPU
		{82475FA0-2883-48EC-B9FA-BA2021B7B468}.Debug|x86.ActiveCfg = Debug|Any CPU
		{82475FA0-2883-48EC-B9FA-BA2021B7B468}.Debug|x86.Build.0 = Debug|Any CPU
		{82475FA0-2883-48EC-B9FA-BA2021B7B468}.Release|Any CPU.ActiveCfg = Release|Any CPU
		{82475FA0-2883-48EC-B9FA-BA2021B7B468}.Release|Any CPU.Build.0 = Release|Any CPU
		{82475FA0-2883-48EC-B9FA-BA2021B7B468}.Release|x64.ActiveCfg = Release|Any CPU
		{82475FA0-2883-48EC-B9FA-BA2021B7B468}.Release|x64.Build.0 = Release|Any CPU
		{82475FA0-2883-48EC-B9FA-BA2021B7B468}.Release|x86.ActiveCfg = Release|Any CPU
		{82475FA0-2883-48EC-B9FA-BA2021B7B468}.Release|x86.Build.0 = Release|Any CPU
		{9A19103F-16F7-4668-BE54-9A1E7A4F7556}.Debug|Any CPU.ActiveCfg = Debug|Any CPU
		{9A19103F-16F7-4668-BE54-9A1E7A4F7556}.Debug|Any CPU.Build.0 = Debug|Any CPU
		{9A19103F-16F7-4668-BE54-9A1E7A4F7556}.Debug|x64.ActiveCfg = Debug|Any CPU
		{9A19103F-16F7-4668-BE54-9A1E7A4F7556}.Debug|x64.Build.0 = Debug|Any CPU
		{9A19103F-16F7-4668-BE54-9A1E7A4F7556}.Debug|x86.ActiveCfg = Debug|Any CPU
		{9A19103F-16F7-4668-BE54-9A1E7A4F7556}.Debug|x86.Build.0 = Debug|Any CPU
		{9A19103F-16F7-4668-BE54-9A1E7A4F7556}.Release|Any CPU.ActiveCfg = Release|Any CPU
		{9A19103F-16F7-4668-BE54-9A1E7A4F7556}.Release|Any CPU.Build.0 = Release|Any CPU
		{9A19103F-16F7-4668-BE54-9A1E7A4F7556}.Release|x64.ActiveCfg = Release|Any CPU
		{9A19103F-16F7-4668-BE54-9A1E7A4F7556}.Release|x64.Build.0 = Release|Any CPU
		{9A19103F-16F7-4668-BE54-9A1E7A4F7556}.Release|x86.ActiveCfg = Release|Any CPU
		{9A19103F-16F7-4668-BE54-9A1E7A4F7556}.Release|x86.Build.0 = Release|Any CPU
		{2835496B-2638-4808-9A38-651C622CB2EA}.Debug|Any CPU.ActiveCfg = Debug|Any CPU
		{2835496B-2638-4808-9A38-651C622CB2EA}.Debug|Any CPU.Build.0 = Debug|Any CPU
		{2835496B-2638-4808-9A38-651C622CB2EA}.Debug|x64.ActiveCfg = Debug|Any CPU
		{2835496B-2638-4808-9A38-651C622CB2EA}.Debug|x64.Build.0 = Debug|Any CPU
		{2835496B-2638-4808-9A38-651C622CB2EA}.Debug|x86.ActiveCfg = Debug|Any CPU
		{2835496B-2638-4808-9A38-651C622CB2EA}.Debug|x86.Build.0 = Debug|Any CPU
		{2835496B-2638-4808-9A38-651C622CB2EA}.Release|Any CPU.ActiveCfg = Release|Any CPU
		{2835496B-2638-4808-9A38-651C622CB2EA}.Release|Any CPU.Build.0 = Release|Any CPU
		{2835496B-2638-4808-9A38-651C622CB2EA}.Release|x64.ActiveCfg = Release|Any CPU
		{2835496B-2638-4808-9A38-651C622CB2EA}.Release|x64.Build.0 = Release|Any CPU
		{2835496B-2638-4808-9A38-651C622CB2EA}.Release|x86.ActiveCfg = Release|Any CPU
		{2835496B-2638-4808-9A38-651C622CB2EA}.Release|x86.Build.0 = Release|Any CPU
		{DC8E6E6B-76AF-4EA8-A28B-F12C1A5E88EB}.Debug|Any CPU.ActiveCfg = Debug|Any CPU
		{DC8E6E6B-76AF-4EA8-A28B-F12C1A5E88EB}.Debug|Any CPU.Build.0 = Debug|Any CPU
		{DC8E6E6B-76AF-4EA8-A28B-F12C1A5E88EB}.Debug|x64.ActiveCfg = Debug|Any CPU
		{DC8E6E6B-76AF-4EA8-A28B-F12C1A5E88EB}.Debug|x64.Build.0 = Debug|Any CPU
		{DC8E6E6B-76AF-4EA8-A28B-F12C1A5E88EB}.Debug|x86.ActiveCfg = Debug|Any CPU
		{DC8E6E6B-76AF-4EA8-A28B-F12C1A5E88EB}.Debug|x86.Build.0 = Debug|Any CPU
		{DC8E6E6B-76AF-4EA8-A28B-F12C1A5E88EB}.Release|Any CPU.ActiveCfg = Release|Any CPU
		{DC8E6E6B-76AF-4EA8-A28B-F12C1A5E88EB}.Release|Any CPU.Build.0 = Release|Any CPU
		{DC8E6E6B-76AF-4EA8-A28B-F12C1A5E88EB}.Release|x64.ActiveCfg = Release|Any CPU
		{DC8E6E6B-76AF-4EA8-A28B-F12C1A5E88EB}.Release|x64.Build.0 = Release|Any CPU
		{DC8E6E6B-76AF-4EA8-A28B-F12C1A5E88EB}.Release|x86.ActiveCfg = Release|Any CPU
		{DC8E6E6B-76AF-4EA8-A28B-F12C1A5E88EB}.Release|x86.Build.0 = Release|Any CPU
	EndGlobalSection
	GlobalSection(SolutionProperties) = preSolution
		HideSolutionNode = FALSE
	EndGlobalSection
	GlobalSection(NestedProjects) = preSolution
		{397BF336-22F4-490C-83CF-10C1F69F147D} = {EFED7D75-623A-428C-9AE4-B30188249723}
		{949F78AA-308F-417C-B604-C515A3E7C0FE} = {EFED7D75-623A-428C-9AE4-B30188249723}
		{815BE85F-822C-45A9-9189-1E12B25BCD5B} = {0C5E049D-70BF-42A4-9870-5A8BCEB43DEC}
		{8997F72E-9094-4A4D-9116-2F079C8DE03D} = {815BE85F-822C-45A9-9189-1E12B25BCD5B}
		{54CB78BE-CD11-4087-9564-25F790D622C4} = {815BE85F-822C-45A9-9189-1E12B25BCD5B}
		{D1097E82-557E-415C-B786-F19767EEA9D3} = {815BE85F-822C-45A9-9189-1E12B25BCD5B}
		{2CD22421-E81D-49CC-9003-8B35EB0D3B0E} = {0C5E049D-70BF-42A4-9870-5A8BCEB43DEC}
		{FAEBC7A2-E9F2-406A-A8DE-4FE854A71A00} = {0C5E049D-70BF-42A4-9870-5A8BCEB43DEC}
		{66E82DCA-53C1-49FA-AEB0-D3A14B0D58EE} = {0C5E049D-70BF-42A4-9870-5A8BCEB43DEC}
	EndGlobalSection
	GlobalSection(ExtensibilityGlobals) = postSolution
		SolutionGuid = {98006178-2BC7-4073-A982-D86BCE76B4A3}
	EndGlobalSection
EndGlobal
