
Microsoft Visual Studio Solution File, Format Version 12.00
# Visual Studio Version 18
VisualStudioVersion = 18.1.11304.174
MinimumVisualStudioVersion = 10.0.40219.1
Project("{FAE04EC0-301F-11D3-BF4B-00C04F79EFBC}") = "BmsAtelierKyokufu.BmsPartTuner", "BmsAtelierKyokufu.BmsPartTuner\BmsAtelierKyokufu.BmsPartTuner.csproj", "{82475FA0-2883-48EC-B9FA-BA2021B7B468}"
EndProject
Project("{FAE04EC0-301F-11D3-BF4B-00C04F79EFBC}") = "BmsAtelierKyokufu.BmsPartTuner.Tests", "BmsAtelierKyokufu.BmsPartTuner.Tests\BmsAtelierKyokufu.BmsPartTuner.Tests.csproj", "{9A19103F-16F7-4668-BE54-9A1E7A4F7556}"
EndProject
Project("{2150E333-8FDC-42A3-9474-1A3956D46DE8}") = "Solution Items", "Solution Items", "{EBB60316-4F3A-45E5-B65C-0A64391BFA05}"
	ProjectSection(SolutionItems) = preProject
		.editorconfig = .editorconfig
		.gitattributes = .gitattributes
		.gitignore = .gitignore
		BmsPartTuner.code-workspace = BmsPartTuner.code-workspace
		GENERAL_CONCEPT_GUID.md = GENERAL_CONCEPT_GUID.md
		LICENSE.md = LICENSE.md
		package.json = package.json
		README.md = README.md
	EndProjectSection
EndProject
Project("{FAE04EC0-301F-11D3-BF4B-00C04F79EFBC}") = "BmsAtelierKyokufu.BmsPartTuner.Generators", "BmsAtelierKyokufu.BmsPartTuner.Generators\BmsAtelierKyokufu.BmsPartTuner.Generators.csproj", "{2835496B-2638-4808-9A38-651C622CB2EA}"
EndProject
Project("{2150E333-8FDC-42A3-9474-1A3956D46DE8}") = "Agent", "Agent", "{EFED7D75-623A-428C-9AE4-B30188249723}"
EndProject
Project("{2150E333-8FDC-42A3-9474-1A3956D46DE8}") = "workflows", "workflows", "{397BF336-22F4-490C-83CF-10C1F69F147D}"
	ProjectSection(SolutionItems) = preProject
		.agent\workflows\add-comment.prompt.md = .agent\workflows\add-comment.prompt.md
		.agent\workflows\code-review.prompt.md = .agent\workflows\code-review.prompt.md
		.agent\workflows\commit.prompt.md = .agent\workflows\commit.prompt.md
		.agent\workflows\phased-code-review.prompt.md = .agent\workflows\phased-code-review.prompt.md
		.agent\workflows\pull-request.prompt.md = .agent\workflows\pull-request.prompt.md
	EndProjectSection
EndProject
Project("{2150E333-8FDC-42A3-9474-1A3956D46DE8}") = "rules", "rules", "{949F78AA-308F-417C-B604-C515A3E7C0FE}"
	ProjectSection(SolutionItems) = preProject
		.agent\rules\instructions.md = .agent\rules\instructions.md
	EndProjectSection
EndProject
Project("{2150E333-8FDC-42A3-9474-1A3956D46DE8}") = "docs", "docs", "{0C5E049D-70BF-42A4-9870-5A8BCEB43DEC}"
	ProjectSection(SolutionItems) = preProject
		docs\00_ARCHITECTURE_EN.md = docs\00_ARCHITECTURE_EN.md
		docs\00_ARCHITECTURE_JP.md = docs\00_ARCHITECTURE_JP.md
		docs\01_TECHNICAL_GUIDE_EN.md = docs\01_TECHNICAL_GUIDE_EN.md
		docs\01_TECHNICAL_GUIDE_JP.md = docs\01_TECHNICAL_GUIDE_JP.md
		docs\02_OPTIMIZATION_GUIDE_EN.md = docs\02_OPTIMIZATION_GUIDE_EN.md
		docs\02_OPTIMIZATION_GUIDE_JP.md = docs\02_OPTIMIZATION_GUIDE_JP.md
		docs\03_TEST_DESIGN_JP.md = docs\03_TEST_DESIGN_JP.md
		docs\04_TEST_STRATEGY_EN.md = docs\04_TEST_STRATEGY_EN.md
		docs\04_TEST_STRATEGY_JP.md = docs\04_TEST_STRATEGY_JP.md
		docs\COMMIT_MESSAGE_GUIDE_EN.md = docs\COMMIT_MESSAGE_GUIDE_EN.md
		docs\COMMIT_MESSAGE_GUIDE_JP.md = docs\COMMIT_MESSAGE_GUIDE_JP.md
		docs\PORTFOLIO_SUMMARY_EN.md = docs\PORTFOLIO_SUMMARY_EN.md
	EndProjectSection
EndProject
Project("{2150E333-8FDC-42A3-9474-1A3956D46DE8}") = "adr", "adr", "{815BE85F-822C-45A9-9189-1E12B25BCD5B}"
EndProject
Project("{2150E333-8FDC-42A3-9474-1A3956D46DE8}") = "math", "math", "{8997F72E-9094-4A4D-9116-2F079C8DE03D}"
	ProjectSection(SolutionItems) = preProject
		docs\adr\math\audio_compare.md = docs\adr\math\audio_compare.md
		docs\adr\math\bmson_score.md = docs\adr\math\bmson_score.md
		docs\adr\math\fft_alignment.md = docs\adr\math\fft_alignment.md
		docs\adr\math\lsh_cache.md = docs\adr\math\lsh_cache.md
		docs\adr\math\silence_trim.md = docs\adr\math\silence_trim.md
		docs\adr\math\simulation.md = docs\adr\math\simulation.md
	EndProjectSection
EndProject
Project("{2150E333-8FDC-42A3-9474-1A3956D46DE8}") = "perf", "perf", "{54CB78BE-CD11-4087-9564-25F790D622C4}"
	ProjectSection(SolutionItems) = preProject
		docs\adr\perf\audio_grouping.md = docs\adr\perf\audio_grouping.md
		docs\adr\perf\audio_slice_cache.md = docs\adr\perf\audio_slice_cache.md
		docs\adr\perf\file_rewrite.md = docs\adr\perf\file_rewrite.md
		docs\adr\perf\flyweight_sound.md = docs\adr\perf\flyweight_sound.md
		docs\adr\perf\logger.md = docs\adr\perf\logger.md
		docs\adr\perf\next_gen_optimization.md = docs\adr\perf\next_gen_optimization.md
		docs\adr\perf\parallel_audio.md = docs\adr\perf\parallel_audio.md
		docs\adr\perf\radix_convert.md = docs\adr\perf\radix_convert.md
		docs\adr\perf\storage_detect.md = docs\adr\perf\storage_detect.md
		docs\adr\perf\update_service.md = docs\adr\perf\update_service.md
		docs\adr\perf\view_model.md = docs\adr\perf\view_model.md
	EndProjectSection
EndProject
Project("{2150E333-8FDC-42A3-9474-1A3956D46DE8}") = "arch", "arch", "{D1097E82-557E-415C-B786-F19767EEA9D3}"
	ProjectSection(SolutionItems) = preProject
		docs\adr\arch\immutable_domain_models.md = docs\adr\arch\immutable_domain_models.md
		docs\adr\arch\pipeline_architecture.md = docs\adr\arch\pipeline_architecture.md
	EndProjectSection
EndProject
Project("{2150E333-8FDC-42A3-9474-1A3956D46DE8}") = "img", "img", "{2CD22421-E81D-49CC-9003-8B35EB0D3B0E}"
	ProjectSection(SolutionItems) = preProject
		docs\img\00_Archtecture.svg = docs\img\00_Archtecture.svg
		docs\img\02_Optimization-Implementation-Guide-Process-Flow_EN.svg = docs\img\02_Optimization-Implementation-Guide-Process-Flow_EN.svg
		docs\img\02_Optimization-Implementation-Guide-Process-Flow_JP.svg = docs\img\02_Optimization-Implementation-Guide-Process-Flow_JP.svg
		docs\img\02_Optimization-Implementation-Guide_EN.svg = docs\img\02_Optimization-Implementation-Guide_EN.svg
		docs\img\02_Optimization-Implementation-Guide_JP.svg = docs\img\02_Optimization-Implementation-Guide_JP.svg
		docs\img\Document-Hierarchy_EN.svg = docs\img\Document-Hierarchy_EN.svg
		docs\img\Document-Hierarchy_JP.svg = docs\img\Document-Hierarchy_JP.svg
	EndProjectSection
EndProject
Project("{2150E333-8FDC-42A3-9474-1A3956D46DE8}") = "tmp", "tmp", "{AF7011A1-6CCF-4186-B13C-B351691B0C2A}"
	ProjectSection(SolutionItems) = preProject
		tmp\.gitkeep = tmp\.gitkeep
	EndProjectSection
EndProject
Global
	GlobalSection(SolutionConfigurationPlatforms) = preSolution
		Debug|Any CPU = Debug|Any CPU
		Debug|x64 = Debug|x64
		Debug|x86 = Debug|x86
		Release|Any CPU = Release|Any CPU
		Release|x64 = Release|x64
		Release|x86 = Release|x86
	EndGlobalSection
	GlobalSection(ProjectConfigurationPlatforms) = postSolution
		{82475FA0-2883-48EC-B9FA-BA2021B7B468}.Debug|Any CPU.ActiveCfg = Debug|Any CPU
		{82475FA0-2883-48EC-B9FA-BA2021B7B468}.Debug|Any CPU.Build.0 = Debug|Any CPU
		{82475FA0-2883-48EC-B9FA-BA2021B7B468}.Debug|x64.ActiveCfg = Debug|Any CPU
		{82475FA0-2883-48EC-B9FA-BA2021B7B468}.Debug|x64.Build.0 = Debug|Any CPU
		{82475FA0-2883-48EC-B9FA-BA2021B7B468}.Debug|x86.ActiveCfg = Debug|Any CPU
		{82475FA0-2883-48EC-B9FA-BA2021B7B468}.Debug|x86.Build.0 = Debug|Any CPU
		{82475FA0-2883-48EC-B9FA-BA2021B7B468}.Release|Any CPU.ActiveCfg = Release|Any CPU
		{82475FA0-2883-48EC-B9FA-BA2021B7B468}.Release|Any CPU.Build.0 = Release|Any CPU
		{82475FA0-2883-48EC-B9FA-BA2021B7B468}.Release|x64.ActiveCfg = Release|Any CPU
		{82475FA0-2883-48EC-B9FA-BA2021B7B468}.Release|x64.Build.0 = Release|Any CPU
		{82475FA0-2883-48EC-B9FA-BA2021B7B468}.Release|x86.ActiveCfg = Release|Any CPU
		{82475FA0-2883-48EC-B9FA-BA2021B7B468}.Release|x86.Build.0 = Release|Any CPU
		{9A19103F-16F7-4668-BE54-9A1E7A4F7556}.Debug|Any CPU.ActiveCfg = Debug|Any CPU
		{9A19103F-16F7-4668-BE54-9A1E7A4F7556}.Debug|Any CPU.Build.0 = Debug|Any CPU
		{9A19103F-16F7-4668-BE54-9A1E7A4F7556}.Debug|x64.ActiveCfg = Debug|Any CPU
		{9A19103F-16F7-4668-BE54-9A1E7A4F7556}.Debug|x64.Build.0 = Debug|Any CPU
		{9A19103F-16F7-4668-BE54-9A1E7A4F7556}.Debug|x86.ActiveCfg = Debug|Any CPU
		{9A19103F-16F7-4668-BE54-9A1E7A4F7556}.Debug|x86.Build.0 = Debug|Any CPU
		{9A19103F-16F7-4668-BE54-9A1E7A4F7556}.Release|Any CPU.ActiveCfg = Release|Any CPU
		{9A19103F-16F7-4668-BE54-9A1E7A4F7556}.Release|Any CPU.Build.0 = Release|Any CPU
		{9A19103F-16F7-4668-BE54-9A1E7A4F7556}.Release|x64.ActiveCfg = Release|Any CPU
		{9A19103F-16F7-4668-BE54-9A1E7A4F7556}.Release|x64.Build.0 = Release|Any CPU
		{9A19103F-16F7-4668-BE54-9A1E7A4F7556}.Release|x86.ActiveCfg = Release|Any CPU
		{9A19103F-16F7-4668-BE54-9A1E7A4F7556}.Release|x86.Build.0 = Release|Any CPU
		{2835496B-2638-4808-9A38-651C622CB2EA}.Debug|Any CPU.ActiveCfg = Debug|Any CPU
		{2835496B-2638-4808-9A38-651C622CB2EA}.Debug|Any CPU.Build.0 = Debug|Any CPU
		{2835496B-2638-4808-9A38-651C622CB2EA}.Debug|x64.ActiveCfg = Debug|Any CPU
		{2835496B-2638-4808-9A38-651C622CB2EA}.Debug|x64.Build.0 = Debug|Any CPU
		{2835496B-2638-4808-9A38-651C622CB2EA}.Debug|x86.ActiveCfg = Debug|Any CPU
		{2835496B-2638-4808-9A38-651C622CB2EA}.Debug|x86.Build.0 = Debug|Any CPU
		{2835496B-2638-4808-9A38-651C622CB2EA}.Release|Any CPU.ActiveCfg = Release|Any CPU
		{2835496B-2638-4808-9A38-651C622CB2EA}.Release|Any CPU.Build.0 = Release|Any CPU
		{2835496B-2638-4808-9A38-651C622CB2EA}.Release|x64.ActiveCfg = Release|Any CPU
		{2835496B-2638-4808-9A38-651C622CB2EA}.Release|x64.Build.0 = Release|Any CPU
		{2835496B-2638-4808-9A38-651C622CB2EA}.Release|x86.ActiveCfg = Release|Any CPU
		{2835496B-2638-4808-9A38-651C622CB2EA}.Release|x86.Build.0 = Release|Any CPU
	EndGlobalSection
	GlobalSection(SolutionProperties) = preSolution
		HideSolutionNode = FALSE
	EndGlobalSection
	GlobalSection(NestedProjects) = preSolution
		{815BE85F-822C-45A9-9189-1E12B25BCD5B} = {0C5E049D-70BF-42A4-9870-5A8BCEB43DEC}
		{8997F72E-9094-4A4D-9116-2F079C8DE03D} = {815BE85F-822C-45A9-9189-1E12B25BCD5B}
		{54CB78BE-CD11-4087-9564-25F790D622C4} = {815BE85F-822C-45A9-9189-1E12B25BCD5B}
		{D1097E82-557E-415C-B786-F19767EEA9D3} = {815BE85F-822C-45A9-9189-1E12B25BCD5B}
		{397BF336-22F4-490C-83CF-10C1F69F147D} = {EFED7D75-623A-428C-9AE4-B30188249723}
		{949F78AA-308F-417C-B604-C515A3E7C0FE} = {EFED7D75-623A-428C-9AE4-B30188249723}
		{2CD22421-E81D-49CC-9003-8B35EB0D3B0E} = {0C5E049D-70BF-42A4-9870-5A8BCEB43DEC}
	EndGlobalSection
	GlobalSection(ExtensibilityGlobals) = postSolution
		SolutionGuid = {98006178-2BC7-4073-A982-D86BCE76B4A3}
	EndGlobalSection
EndGlobal
